
Microsoft Visual Studio Solution File, Format Version 12.00
# Visual Studio Version 17
VisualStudioVersion = 17.8.34525.116
MinimumVisualStudioVersion = 10.0.40219.1
Project("{FAE04EC0-301F-11D3-BF4B-00C04F79EFBC}") = "Imc", "Imc\Imc.csproj", "{B9C777EA-2A4C-4FBF-A7C0-802F799D1856}"
EndProject
Global
	GlobalSection(SolutionConfigurationPlatforms) = preSolution
		Debug|Any CPU = Debug|Any CPU
		Release|Any CPU = Release|Any CPU
	EndGlobalSection
	GlobalSection(ProjectConfigurationPlatforms) = postSolution
		{B9C777EA-2A4C-4FBF-A7C0-802F799D1856}.Debug|Any CPU.ActiveCfg = Debug|Any CPU
		{B9C777EA-2A4C-4FBF-A7C0-802F799D1856}.Debug|Any CPU.Build.0 = Debug|Any CPU
		{B9C777EA-2A4C-4FBF-A7C0-802F799D1856}.Release|Any CPU.ActiveCfg = Release|Any CPU
		{B9C777EA-2A4C-4FBF-A7C0-802F799D1856}.Release|Any CPU.Build.0 = Release|Any CPU
	EndGlobalSection
	GlobalSection(SolutionProperties) = preSolution
		HideSolutionNode = FALSE
	EndGlobalSection
	GlobalSection(ExtensibilityGlobals) = postSolution
		SolutionGuid = {8E246C4F-5166-4029-844E-6D9B8BF42FCC}
	EndGlobalSection
EndGlobal
